// !$*UTF8*$!
{
	archiveVersion = 1;
	classes = {
	};
	objectVersion = 46;
	objects = {

/* Begin PBXBuildFile section */
		78E74B481495A2BF001338E7 /* UIKit.framework in Frameworks */ = {isa = PBXBuildFile; fileRef = 78E74B471495A2BF001338E7 /* UIKit.framework */; };
		78E74B4A1495A2BF001338E7 /* Foundation.framework in Frameworks */ = {isa = PBXBuildFile; fileRef = 78E74B491495A2BF001338E7 /* Foundation.framework */; };
		78E74B4C1495A2BF001338E7 /* CoreGraphics.framework in Frameworks */ = {isa = PBXBuildFile; fileRef = 78E74B4B1495A2BF001338E7 /* CoreGraphics.framework */; };
		78E74B521495A2BF001338E7 /* InfoPlist.strings in Resources */ = {isa = PBXBuildFile; fileRef = 78E74B501495A2BF001338E7 /* InfoPlist.strings */; };
		78E74B541495A2BF001338E7 /* main.m in Sources */ = {isa = PBXBuildFile; fileRef = 78E74B531495A2BF001338E7 /* main.m */; };
		78E74B581495A2BF001338E7 /* KnobAppDelegate.m in Sources */ = {isa = PBXBuildFile; fileRef = 78E74B571495A2BF001338E7 /* KnobAppDelegate.m */; };
		78E74B5B1495A2BF001338E7 /* KnobViewController.m in Sources */ = {isa = PBXBuildFile; fileRef = 78E74B5A1495A2BF001338E7 /* KnobViewController.m */; };
		78E74B5E1495A2BF001338E7 /* KnobViewController.xib in Resources */ = {isa = PBXBuildFile; fileRef = 78E74B5C1495A2BF001338E7 /* KnobViewController.xib */; };
/* End PBXBuildFile section */

/* Begin PBXFileReference section */
		78E74B431495A2BF001338E7 /* Knob.app */ = {isa = PBXFileReference; explicitFileType = wrapper.application; includeInIndex = 0; path = Knob.app; sourceTree = BUILT_PRODUCTS_DIR; };
		78E74B471495A2BF001338E7 /* UIKit.framework */ = {isa = PBXFileReference; lastKnownFileType = wrapper.framework; name = UIKit.framework; path = System/Library/Frameworks/UIKit.framework; sourceTree = SDKROOT; };
		78E74B491495A2BF001338E7 /* Foundation.framework */ = {isa = PBXFileReference; lastKnownFileType = wrapper.framework; name = Foundation.framework; path = System/Library/Frameworks/Foundation.framework; sourceTree = SDKROOT; };
		78E74B4B1495A2BF001338E7 /* CoreGraphics.framework */ = {isa = PBXFileReference; lastKnownFileType = wrapper.framework; name = CoreGraphics.framework; path = System/Library/Frameworks/CoreGraphics.framework; sourceTree = SDKROOT; };
		78E74B4F1495A2BF001338E7 /* Knob-Info.plist */ = {isa = PBXFileReference; path = "Knob-Info.plist"; sourceTree = "<group>"; };
		78E74B511495A2BF001338E7 /* en */ = {isa = PBXFileReference; lastKnownFileType = text.plist.strings; name = en; path = en.lproj/InfoPlist.strings; sourceTree = "<group>"; };
		78E74B531495A2BF001338E7 /* main.m */ = {isa = PBXFileReference; lastKnownFileType = sourcecode.c.objc; path = main.m; sourceTree = "<group>"; };
		78E74B551495A2BF001338E7 /* Knob-Prefix.pch */ = {isa = PBXFileReference; path = "Knob-Prefix.pch"; sourceTree = "<group>"; };
		78E74B561495A2BF001338E7 /* KnobAppDelegate.h */ = {isa = PBXFileReference; path = KnobAppDelegate.h; sourceTree = "<group>"; };
		78E74B571495A2BF001338E7 /* KnobAppDelegate.m */ = {isa = PBXFileReference; lastKnownFileType = sourcecode.c.objc; path = KnobAppDelegate.m; sourceTree = "<group>"; };
		78E74B591495A2BF001338E7 /* KnobViewController.h */ = {isa = PBXFileReference; path = KnobViewController.h; sourceTree = "<group>"; };
		78E74B5A1495A2BF001338E7 /* KnobViewController.m */ = {isa = PBXFileReference; lastKnownFileType = sourcecode.c.objc; path = KnobViewController.m; sourceTree = "<group>"; };
		78E74B5D1495A2BF001338E7 /* en */ = {isa = PBXFileReference; lastKnownFileType = file.xib; name = en; path = en.lproj/KnobViewController.xib; sourceTree = "<group>"; };
/* End PBXFileReference section */

/* Begin PBXFrameworksBuildPhase section */
		78E74B401495A2BF001338E7 /* Frameworks */ = {
			isa = PBXFrameworksBuildPhase;
			buildActionMask = 2147483647;
			files = (
				78E74B481495A2BF001338E7 /* UIKit.framework in Frameworks */,
				78E74B4A1495A2BF001338E7 /* Foundation.framework in Frameworks */,
				78E74B4C1495A2BF001338E7 /* CoreGraphics.framework in Frameworks */,
			);
			runOnlyForDeploymentPostprocessing = 0;
		};
/* End PBXFrameworksBuildPhase section */

/* Begin PBXGroup section */
		78E74B381495A2BF001338E7 = {
			isa = PBXGroup;
			children = (
				78E74B4D1495A2BF001338E7 /* Knob */,
				78E74B461495A2BF001338E7 /* Frameworks */,
				78E74B441495A2BF001338E7 /* Products */,
			);
			sourceTree = "<group>";
		};
		78E74B441495A2BF001338E7 /* Products */ = {
			isa = PBXGroup;
			children = (
				78E74B431495A2BF001338E7 /* Knob.app */,
			);
			name = Products;
			sourceTree = "<group>";
		};
		78E74B461495A2BF001338E7 /* Frameworks */ = {
			isa = PBXGroup;
			children = (
				78E74B471495A2BF001338E7 /* UIKit.framework */,
				78E74B491495A2BF001338E7 /* Foundation.framework */,
				78E74B4B1495A2BF001338E7 /* CoreGraphics.framework */,
			);
			name = Frameworks;
			sourceTree = "<group>";
		};
		78E74B4D1495A2BF001338E7 /* Knob */ = {
			isa = PBXGroup;
			children = (
				78E74B561495A2BF001338E7 /* KnobAppDelegate.h */,
				78E74B571495A2BF001338E7 /* KnobAppDelegate.m */,
				78E74B591495A2BF001338E7 /* KnobViewController.h */,
				78E74B5A1495A2BF001338E7 /* KnobViewController.m */,
				78E74B5C1495A2BF001338E7 /* KnobViewController.xib */,
				78E74B4E1495A2BF001338E7 /* Supporting Files */,
			);
			path = Knob;
			sourceTree = "<group>";
		};
		78E74B4E1495A2BF001338E7 /* Supporting Files */ = {
			isa = PBXGroup;
			children = (
				78E74B4F1495A2BF001338E7 /* Knob-Info.plist */,
				78E74B501495A2BF001338E7 /* InfoPlist.strings */,
				78E74B531495A2BF001338E7 /* main.m */,
				78E74B551495A2BF001338E7 /* Knob-Prefix.pch */,
			);
			name = "Supporting Files";
			sourceTree = "<group>";
		};
/* End PBXGroup section */

/* Begin PBXNativeTarget section */
		78E74B421495A2BF001338E7 /* Knob */ = {
			isa = PBXNativeTarget;
			buildConfigurationList = 78E74B611495A2BF001338E7 /* Build configuration list for PBXNativeTarget "Knob" */;
			buildPhases = (
				78E74B3F1495A2BF001338E7 /* Sources */,
				78E74B401495A2BF001338E7 /* Frameworks */,
				78E74B411495A2BF001338E7 /* Resources */,
			);
			buildRules = (
			);
			dependencies = (
			);
			name = Knob;
			productName = Knob;
			productReference = 78E74B431495A2BF001338E7 /* Knob.app */;
			productType = "com.apple.product-type.application";
		};
/* End PBXNativeTarget section */

/* Begin PBXProject section */
		78E74B3A1495A2BF001338E7 /* Project object */ = {
			isa = PBXProject;
			attributes = {
				LastUpgradeCheck = 0420;
				ORGANIZATIONNAME = "Swinburne University";
			};
			buildConfigurationList = 78E74B3D1495A2BF001338E7 /* Build configuration list for PBXProject "Knob" */;
			compatibilityVersion = "Xcode 3.2";
			developmentRegion = English;
			hasScannedForEncodings = 0;
			knownRegions = (
				en,
			);
			mainGroup = 78E74B381495A2BF001338E7;
			productRefGroup = 78E74B441495A2BF001338E7 /* Products */;
			projectDirPath = "";
			projectRoot = "";
			targets = (
				78E74B421495A2BF001338E7 /* Knob */,
			);
		};
/* End PBXProject section */

/* Begin PBXResourcesBuildPhase section */
		78E74B411495A2BF001338E7 /* Resources */ = {
			isa = PBXResourcesBuildPhase;
			buildActionMask = 2147483647;
			files = (
				78E74B521495A2BF001338E7 /* InfoPlist.strings in Resources */,
				78E74B5E1495A2BF001338E7 /* KnobViewController.xib in Resources */,
			);
			runOnlyForDeploymentPostprocessing = 0;
		};
/* End PBXResourcesBuildPhase section */

/* Begin PBXSourcesBuildPhase section */
		78E74B3F1495A2BF001338E7 /* Sources */ = {
			isa = PBXSourcesBuildPhase;
			buildActionMask = 2147483647;
			files = (
				78E74B541495A2BF001338E7 /* main.m in Sources */,
				78E74B581495A2BF001338E7 /* KnobAppDelegate.m in Sources */,
				78E74B5B1495A2BF001338E7 /* KnobViewController.m in Sources */,
			);
			runOnlyForDeploymentPostprocessing = 0;
		};
/* End PBXSourcesBuildPhase section */

/* Begin PBXVariantGroup section */
		78E74B501495A2BF001338E7 /* InfoPlist.strings */ = {
			isa = PBXVariantGroup;
			children = (
				78E74B511495A2BF001338E7 /* en */,
			);
			name = InfoPlist.strings;
			sourceTree = "<group>";
		};
		78E74B5C1495A2BF001338E7 /* KnobViewController.xib */ = {
			isa = PBXVariantGroup;
			children = (
				78E74B5D1495A2BF001338E7 /* en */,
			);
			name = KnobViewController.xib;
			sourceTree = "<group>";
		};
/* End PBXVariantGroup section */

/* Begin XCBuildConfiguration section */
		78E74B5F1495A2BF001338E7 /* Debug */ = {
			isa = XCBuildConfiguration;
			buildSettings = {
				ALWAYS_SEARCH_USER_PATHS = NO;
				ARCHS = "$(ARCHS_STANDARD_32_BIT)";
				"CODE_SIGN_IDENTITY[sdk=iphoneos*]" = "iPhone Developer";
				COPY_PHASE_STRIP = NO;
				GCC_C_LANGUAGE_STANDARD = gnu99;
				GCC_DYNAMIC_NO_PIC = NO;
				GCC_OPTIMIZATION_LEVEL = 0;
				GCC_PREPROCESSOR_DEFINITIONS = (
					"DEBUG=1",
					"$(inherited)",
				);
				GCC_SYMBOLS_PRIVATE_EXTERN = NO;
				GCC_VERSION = com.apple.compilers.llvm.clang.1_0;
				GCC_WARN_ABOUT_MISSING_PROTOTYPES = YES;
				GCC_WARN_ABOUT_RETURN_TYPE = YES;
				GCC_WARN_UNUSED_VARIABLE = YES;
				IPHONEOS_DEPLOYMENT_TARGET = 5.0;
				SDKROOT = iphoneos;
			};
			name = Debug;
		};
		78E74B601495A2BF001338E7 /* Release */ = {
			isa = XCBuildConfiguration;
			buildSettings = {
				ALWAYS_SEARCH_USER_PATHS = NO;
				ARCHS = "$(ARCHS_STANDARD_32_BIT)";
				"CODE_SIGN_IDENTITY[sdk=iphoneos*]" = "iPhone Developer";
				COPY_PHASE_STRIP = YES;
				GCC_C_LANGUAGE_STANDARD = gnu99;
				GCC_VERSION = com.apple.compilers.llvm.clang.1_0;
				GCC_WARN_ABOUT_MISSING_PROTOTYPES = YES;
				GCC_WARN_ABOUT_RETURN_TYPE = YES;
				GCC_WARN_UNUSED_VARIABLE = YES;
				IPHONEOS_DEPLOYMENT_TARGET = 5.0;
				OTHER_CFLAGS = "-DNS_BLOCK_ASSERTIONS=1";
				SDKROOT = iphoneos;
				VALIDATE_PRODUCT = YES;
			};
			name = Release;
		};
		78E74B621495A2BF001338E7 /* Debug */ = {
			isa = XCBuildConfiguration;
			buildSettings = {
				GCC_PRECOMPILE_PREFIX_HEADER = YES;
				GCC_PREFIX_HEADER = "Knob/Knob-Prefix.pch";
				INFOPLIST_FILE = "Knob/Knob-Info.plist";
				PRODUCT_NAME = "$(TARGET_NAME)";
				WRAPPER_EXTENSION = app;
			};
			name = Debug;
		};
		78E74B631495A2BF001338E7 /* Release */ = {
			isa = XCBuildConfiguration;
			buildSettings = {
				GCC_PRECOMPILE_PREFIX_HEADER = YES;
				GCC_PREFIX_HEADER = "Knob/Knob-Prefix.pch";
				INFOPLIST_FILE = "Knob/Knob-Info.plist";
				PRODUCT_NAME = "$(TARGET_NAME)";
				WRAPPER_EXTENSION = app;
			};
			name = Release;
		};
/* End XCBuildConfiguration section */

/* Begin XCConfigurationList section */
		78E74B3D1495A2BF001338E7 /* Build configuration list for PBXProject "Knob" */ = {
			isa = XCConfigurationList;
			buildConfigurations = (
				78E74B5F1495A2BF001338E7 /* Debug */,
				78E74B601495A2BF001338E7 /* Release */,
			);
			defaultConfigurationIsVisible = 0;
			defaultConfigurationName = Release;
		};
		78E74B611495A2BF001338E7 /* Build configuration list for PBXNativeTarget "Knob" */ = {
			isa = XCConfigurationList;
			buildConfigurations = (
				78E74B621495A2BF001338E7 /* Debug */,
				78E74B631495A2BF001338E7 /* Release */,
			);
			defaultConfigurationIsVisible = 0;
		};
/* End XCConfigurationList section */
	};
	rootObject = 78E74B3A1495A2BF001338E7 /* Project object */;
}
